Microsoft Visual Studio Solution File, Format Version 12.00
# Visual Studio Version 17
VisualStudioVersion = 17.5.2.0
MinimumVisualStudioVersion = 10.0.40219.1
Project("{FAE04EC0-301F-11D3-BF4B-00C04F79EFBC}") = "OrdersApp", "OrdersApp.csproj", "{B78D678B-510E-EA52-F3CB-5F29400395D9}"
EndProject
Global
	GlobalSection(SolutionConfigurationPlatforms) = preSolution
		Debug|Any CPU = Debug|Any CPU
		Release|Any CPU = Release|Any CPU
	EndGlobalSection
	GlobalSection(ProjectConfigurationPlatforms) = postSolution
		{B78D678B-510E-EA52-F3CB-5F29400395D9}.Debug|Any CPU.ActiveCfg = Debug|Any CPU
		{B78D678B-510E-EA52-F3CB-5F29400395D9}.Debug|Any CPU.Build.0 = Debug|Any CPU
		{B78D678B-510E-EA52-F3CB-5F29400395D9}.Release|Any CPU.ActiveCfg = Release|Any CPU
		{B78D678B-510E-EA52-F3CB-5F29400395D9}.Release|Any CPU.Build.0 = Release|Any CPU
	EndGlobalSection
	GlobalSection(SolutionProperties) = preSolution
		HideSolutionNode = FALSE
	EndGlobalSection
	GlobalSection(ExtensibilityGlobals) = postSolution
		SolutionGuid = {40160A3B-5427-4A8C-B1AA-35345A3352C2}
	EndGlobalSection
EndGlobal
